
Microsoft Visual Studio Solution File, Format Version 12.00
# Visual Studio Version 17
VisualStudioVersion = 17.8.34316.72
MinimumVisualStudioVersion = 10.0.40219.1
Project("{9A19103F-16F7-4668-BE54-9A1E7A4F7556}") = "SemanticKernelDemoApi", "SemanticKernelDemoApi\SemanticKernelDemoApi.csproj", "{961D1318-B83E-4AD0-9BF9-674D191AA72C}"
EndProject
Project("{FAE04EC0-301F-11D3-BF4B-00C04F79EFBC}") = "ProductsApi", "ProductsApi\ProductsApi.csproj", "{343C4913-FE74-49E4-A360-7AC567DE5CDD}"
EndProject
Global
	GlobalSection(SolutionConfigurationPlatforms) = preSolution
		Debug|Any CPU = Debug|Any CPU
		Release|Any CPU = Release|Any CPU
	EndGlobalSection
	GlobalSection(ProjectConfigurationPlatforms) = postSolution
		{961D1318-B83E-4AD0-9BF9-674D191AA72C}.Debug|Any CPU.ActiveCfg = Debug|Any CPU
		{961D1318-B83E-4AD0-9BF9-674D191AA72C}.Debug|Any CPU.Build.0 = Debug|Any CPU
		{961D1318-B83E-4AD0-9BF9-674D191AA72C}.Release|Any CPU.ActiveCfg = Release|Any CPU
		{961D1318-B83E-4AD0-9BF9-674D191AA72C}.Release|Any CPU.Build.0 = Release|Any CPU
		{343C4913-FE74-49E4-A360-7AC567DE5CDD}.Debug|Any CPU.ActiveCfg = Debug|Any CPU
		{343C4913-FE74-49E4-A360-7AC567DE5CDD}.Debug|Any CPU.Build.0 = Debug|Any CPU
		{343C4913-FE74-49E4-A360-7AC567DE5CDD}.Release|Any CPU.ActiveCfg = Release|Any CPU
		{343C4913-FE74-49E4-A360-7AC567DE5CDD}.Release|Any CPU.Build.0 = Release|Any CPU
	EndGlobalSection
	GlobalSection(SolutionProperties) = preSolution
		HideSolutionNode = FALSE
	EndGlobalSection
	GlobalSection(ExtensibilityGlobals) = postSolution
		SolutionGuid = {C064B24A-3008-4CE8-BD6C-CFD032677FEC}
	EndGlobalSection
EndGlobal
